// !$*UTF8*$!
{
	archiveVersion = 1;
	classes = {
	};
	objectVersion = 46;
	objects = {

/* Begin PBXBuildFile section */
		96003DB81B9620DA0067DA67 /* AppDelegate.swift in Sources */ = {isa = PBXBuildFile; fileRef = 96003DB71B9620DA0067DA67 /* AppDelegate.swift */; };
		96003DBA1B9620DA0067DA67 /* ViewController.swift in Sources */ = {isa = PBXBuildFile; fileRef = 96003DB91B9620DA0067DA67 /* ViewController.swift */; };
		96003DBD1B9620DA0067DA67 /* Main.storyboard in Resources */ = {isa = PBXBuildFile; fileRef = 96003DBB1B9620DA0067DA67 /* Main.storyboard */; };
		96003DBF1B9620DA0067DA67 /* Images.xcassets in Resources */ = {isa = PBXBuildFile; fileRef = 96003DBE1B9620DA0067DA67 /* Images.xcassets */; };
		96003DC21B9620DA0067DA67 /* LaunchScreen.xib in Resources */ = {isa = PBXBuildFile; fileRef = 96003DC01B9620DA0067DA67 /* LaunchScreen.xib */; };
		96003DCE1B9620DA0067DA67 /* SlotMachineTests.swift in Sources */ = {isa = PBXBuildFile; fileRef = 96003DCD1B9620DA0067DA67 /* SlotMachineTests.swift */; };
		96003DD81BAD27990067DA67 /* Slot.swift in Sources */ = {isa = PBXBuildFile; fileRef = 96003DD71BAD27990067DA67 /* Slot.swift */; };
		96003DDA1BAD29530067DA67 /* Factory.swift in Sources */ = {isa = PBXBuildFile; fileRef = 96003DD91BAD29530067DA67 /* Factory.swift */; };
/* End PBXBuildFile section */

/* Begin PBXContainerItemProxy section */
		96003DC81B9620DA0067DA67 /* PBXContainerItemProxy */ = {
			isa = PBXContainerItemProxy;
			containerPortal = 96003DAA1B9620DA0067DA67 /* Project object */;
			proxyType = 1;
			remoteGlobalIDString = 96003DB11B9620DA0067DA67;
			remoteInfo = SlotMachine;
		};
/* End PBXContainerItemProxy section */

/* Begin PBXFileReference section */
		96003DB21B9620DA0067DA67 /* SlotMachine.app */ = {isa = PBXFileReference; explicitFileType = wrapper.application; includeInIndex = 0; path = SlotMachine.app; sourceTree = BUILT_PRODUCTS_DIR; };
		96003DB61B9620DA0067DA67 /* Info.plist */ = {isa = PBXFileReference; lastKnownFileType = text.plist.xml; path = Info.plist; sourceTree = "<group>"; };
		96003DB71B9620DA0067DA67 /* AppDelegate.swift */ = {isa = PBXFileReference; lastKnownFileType = sourcecode.swift; path = AppDelegate.swift; sourceTree = "<group>"; };
		96003DB91B9620DA0067DA67 /* ViewController.swift */ = {isa = PBXFileReference; lastKnownFileType = sourcecode.swift; path = ViewController.swift; sourceTree = "<group>"; };
		96003DBC1B9620DA0067DA67 /* Base */ = {isa = PBXFileReference; lastKnownFileType = file.storyboard; name = Base; path = Base.lproj/Main.storyboard; sourceTree = "<group>"; };
		96003DBE1B9620DA0067DA67 /* Images.xcassets */ = {isa = PBXFileReference; lastKnownFileType = folder.assetcatalog; path = Images.xcassets; sourceTree = "<group>"; };
		96003DC11B9620DA0067DA67 /* Base */ = {isa = PBXFileReference; lastKnownFileType = file.xib; name = Base; path = Base.lproj/LaunchScreen.xib; sourceTree = "<group>"; };
		96003DC71B9620DA0067DA67 /* SlotMachineTests.xctest */ = {isa = PBXFileReference; explicitFileType = wrapper.cfbundle; includeInIndex = 0; path = SlotMachineTests.xctest; sourceTree = BUILT_PRODUCTS_DIR; };
		96003DCC1B9620DA0067DA67 /* Info.plist */ = {isa = PBXFileReference; lastKnownFileType = text.plist.xml; path = Info.plist; sourceTree = "<group>"; };
		96003DCD1B9620DA0067DA67 /* SlotMachineTests.swift */ = {isa = PBXFileReference; lastKnownFileType = sourcecode.swift; path = SlotMachineTests.swift; sourceTree = "<group>"; };
		96003DD71BAD27990067DA67 /* Slot.swift */ = {isa = PBXFileReference; fileEncoding = 4; lastKnownFileType = sourcecode.swift; path = Slot.swift; sourceTree = "<group>"; };
		96003DD91BAD29530067DA67 /* Factory.swift */ = {isa = PBXFileReference; fileEncoding = 4; lastKnownFileType = sourcecode.swift; path = Factory.swift; sourceTree = "<group>"; };
/* End PBXFileReference section */

/* Begin PBXFrameworksBuildPhase section */
		96003DAF1B9620DA0067DA67 /* Frameworks */ = {
			isa = PBXFrameworksBuildPhase;
			buildActionMask = 2147483647;
			files = (
			);
			runOnlyForDeploymentPostprocessing = 0;
		};
		96003DC41B9620DA0067DA67 /* Frameworks */ = {
			isa = PBXFrameworksBuildPhase;
			buildActionMask = 2147483647;
			files = (
			);
			runOnlyForDeploymentPostprocessing = 0;
		};
/* End PBXFrameworksBuildPhase section */

/* Begin PBXGroup section */
		96003DA91B9620DA0067DA67 = {
			isa = PBXGroup;
			children = (
				96003DB41B9620DA0067DA67 /* SlotMachine */,
				96003DCA1B9620DA0067DA67 /* SlotMachineTests */,
				96003DB31B9620DA0067DA67 /* Products */,
			);
			sourceTree = "<group>";
		};
		96003DB31B9620DA0067DA67 /* Products */ = {
			isa = PBXGroup;
			children = (
				96003DB21B9620DA0067DA67 /* SlotMachine.app */,
				96003DC71B9620DA0067DA67 /* SlotMachineTests.xctest */,
			);
			name = Products;
			sourceTree = "<group>";
		};
		96003DB41B9620DA0067DA67 /* SlotMachine */ = {
			isa = PBXGroup;
			children = (
				96003DB71B9620DA0067DA67 /* AppDelegate.swift */,
				96003DB91B9620DA0067DA67 /* ViewController.swift */,
				96003DD71BAD27990067DA67 /* Slot.swift */,
				96003DBB1B9620DA0067DA67 /* Main.storyboard */,
				96003DBE1B9620DA0067DA67 /* Images.xcassets */,
				96003DD91BAD29530067DA67 /* Factory.swift */,
				96003DC01B9620DA0067DA67 /* LaunchScreen.xib */,
				96003DB51B9620DA0067DA67 /* Supporting Files */,
			);
			path = SlotMachine;
			sourceTree = "<group>";
		};
		96003DB51B9620DA0067DA67 /* Supporting Files */ = {
			isa = PBXGroup;
			children = (
				96003DB61B9620DA0067DA67 /* Info.plist */,
			);
			name = "Supporting Files";
			sourceTree = "<group>";
		};
		96003DCA1B9620DA0067DA67 /* SlotMachineTests */ = {
			isa = PBXGroup;
			children = (
				96003DCD1B9620DA0067DA67 /* SlotMachineTests.swift */,
				96003DCB1B9620DA0067DA67 /* Supporting Files */,
			);
			path = SlotMachineTests;
			sourceTree = "<group>";
		};
		96003DCB1B9620DA0067DA67 /* Supporting Files */ = {
			isa = PBXGroup;
			children = (
				96003DCC1B9620DA0067DA67 /* Info.plist */,
			);
			name = "Supporting Files";
			sourceTree = "<group>";
		};
/* End PBXGroup section */

/* Begin PBXNativeTarget section */
		96003DB11B9620DA0067DA67 /* SlotMachine */ = {
			isa = PBXNativeTarget;
			buildConfigurationList = 96003DD11B9620DA0067DA67 /* Build configuration list for PBXNativeTarget "SlotMachine" */;
			buildPhases = (
				96003DAE1B9620DA0067DA67 /* Sources */,
				96003DAF1B9620DA0067DA67 /* Frameworks */,
				96003DB01B9620DA0067DA67 /* Resources */,
			);
			buildRules = (
			);
			dependencies = (
			);
			name = SlotMachine;
			productName = SlotMachine;
			productReference = 96003DB21B9620DA0067DA67 /* SlotMachine.app */;
			productType = "com.apple.product-type.application";
		};
		96003DC61B9620DA0067DA67 /* SlotMachineTests */ = {
			isa = PBXNativeTarget;
			buildConfigurationList = 96003DD41B9620DA0067DA67 /* Build configuration list for PBXNativeTarget "SlotMachineTests" */;
			buildPhases = (
				96003DC31B9620DA0067DA67 /* Sources */,
				96003DC41B9620DA0067DA67 /* Frameworks */,
				96003DC51B9620DA0067DA67 /* Resources */,
			);
			buildRules = (
			);
			dependencies = (
				96003DC91B9620DA0067DA67 /* PBXTargetDependency */,
			);
			name = SlotMachineTests;
			productName = SlotMachineTests;
			productReference = 96003DC71B9620DA0067DA67 /* SlotMachineTests.xctest */;
			productType = "com.apple.product-type.bundle.unit-test";
		};
/* End PBXNativeTarget section */

/* Begin PBXProject section */
		96003DAA1B9620DA0067DA67 /* Project object */ = {
			isa = PBXProject;
			attributes = {
				LastUpgradeCheck = 0620;
				ORGANIZATIONNAME = "Screaming Goat";
				TargetAttributes = {
					96003DB11B9620DA0067DA67 = {
						CreatedOnToolsVersion = 6.2;
					};
					96003DC61B9620DA0067DA67 = {
						CreatedOnToolsVersion = 6.2;
						TestTargetID = 96003DB11B9620DA0067DA67;
					};
				};
			};
			buildConfigurationList = 96003DAD1B9620DA0067DA67 /* Build configuration list for PBXProject "SlotMachine" */;
			compatibilityVersion = "Xcode 3.2";
			developmentRegion = English;
			hasScannedForEncodings = 0;
			knownRegions = (
				en,
				Base,
			);
			mainGroup = 96003DA91B9620DA0067DA67;
			productRefGroup = 96003DB31B9620DA0067DA67 /* Products */;
			projectDirPath = "";
			projectRoot = "";
			targets = (
				96003DB11B9620DA0067DA67 /* SlotMachine */,
				96003DC61B9620DA0067DA67 /* SlotMachineTests */,
			);
		};
/* End PBXProject section */

/* Begin PBXResourcesBuildPhase section */
		96003DB01B9620DA0067DA67 /* Resources */ = {
			isa = PBXResourcesBuildPhase;
			buildActionMask = 2147483647;
			files = (
				96003DBD1B9620DA0067DA67 /* Main.storyboard in Resources */,
				96003DC21B9620DA0067DA67 /* LaunchScreen.xib in Resources */,
				96003DBF1B9620DA0067DA67 /* Images.xcassets in Resources */,
			);
			runOnlyForDeploymentPostprocessing = 0;
		};
		96003DC51B9620DA0067DA67 /* Resources */ = {
			isa = PBXResourcesBuildPhase;
			buildActionMask = 2147483647;
			files = (
			);
			runOnlyForDeploymentPostprocessing = 0;
		};
/* End PBXResourcesBuildPhase section */

/* Begin PBXSourcesBuildPhase section */
		96003DAE1B9620DA0067DA67 /* Sources */ = {
			isa = PBXSourcesBuildPhase;
			buildActionMask = 2147483647;
			files = (
				96003DDA1BAD29530067DA67 /* Factory.swift in Sources */,
				96003DBA1B9620DA0067DA67 /* ViewController.swift in Sources */,
				96003DD81BAD27990067DA67 /* Slot.swift in Sources */,
				96003DB81B9620DA0067DA67 /* AppDelegate.swift in Sources */,
			);
			runOnlyForDeploymentPostprocessing = 0;
		};
		96003DC31B9620DA0067DA67 /* Sources */ = {
			isa = PBXSourcesBuildPhase;
			buildActionMask = 2147483647;
			files = (
				96003DCE1B9620DA0067DA67 /* SlotMachineTests.swift in Sources */,
			);
			runOnlyForDeploymentPostprocessing = 0;
		};
/* End PBXSourcesBuildPhase section */

/* Begin PBXTargetDependency section */
		96003DC91B9620DA0067DA67 /* PBXTargetDependency */ = {
			isa = PBXTargetDependency;
			target = 96003DB11B9620DA0067DA67 /* SlotMachine */;
			targetProxy = 96003DC81B9620DA0067DA67 /* PBXContainerItemProxy */;
		};
/* End PBXTargetDependency section */

/* Begin PBXVariantGroup section */
		96003DBB1B9620DA0067DA67 /* Main.storyboard */ = {
			isa = PBXVariantGroup;
			children = (
				96003DBC1B9620DA0067DA67 /* Base */,
			);
			name = Main.storyboard;
			sourceTree = "<group>";
		};
		96003DC01B9620DA0067DA67 /* LaunchScreen.xib */ = {
			isa = PBXVariantGroup;
			children = (
				96003DC11B9620DA0067DA67 /* Base */,
			);
			name = LaunchScreen.xib;
			sourceTree = "<group>";
		};
/* End PBXVariantGroup section */

/* Begin XCBuildConfiguration section */
		96003DCF1B9620DA0067DA67 /* Debug */ = {
			isa = XCBuildConfiguration;
			buildSettings = {
				ALWAYS_SEARCH_USER_PATHS = NO;
				CLANG_CXX_LANGUAGE_STANDARD = "gnu++0x";
				CLANG_CXX_LIBRARY = "libc++";
				CLANG_ENABLE_MODULES = YES;
				CLANG_ENABLE_OBJC_ARC = YES;
				CLANG_WARN_BOOL_CONVERSION = YES;
				CLANG_WARN_CONSTANT_CONVERSION = YES;
				CLANG_WARN_DIRECT_OBJC_ISA_USAGE = YES_ERROR;
				CLANG_WARN_EMPTY_BODY = YES;
				CLANG_WARN_ENUM_CONVERSION = YES;
				CLANG_WARN_INT_CONVERSION = YES;
				CLANG_WARN_OBJC_ROOT_CLASS = YES_ERROR;
				CLANG_WARN_UNREACHABLE_CODE = YES;
				CLANG_WARN__DUPLICATE_METHOD_MATCH = YES;
				"CODE_SIGN_IDENTITY[sdk=iphoneos*]" = "iPhone Developer";
				COPY_PHASE_STRIP = NO;
				ENABLE_STRICT_OBJC_MSGSEND = YES;
				GCC_C_LANGUAGE_STANDARD = gnu99;
				GCC_DYNAMIC_NO_PIC = NO;
				GCC_OPTIMIZATION_LEVEL = 0;
				GCC_PREPROCESSOR_DEFINITIONS = (
					"DEBUG=1",
					"$(inherited)",
				);
				GCC_SYMBOLS_PRIVATE_EXTERN = NO;
				GCC_WARN_64_TO_32_BIT_CONVERSION = YES;
				GCC_WARN_ABOUT_RETURN_TYPE = YES_ERROR;
				GCC_WARN_UNDECLARED_SELECTOR = YES;
				GCC_WARN_UNINITIALIZED_AUTOS = YES_AGGRESSIVE;
				GCC_WARN_UNUSED_FUNCTION = YES;
				GCC_WARN_UNUSED_VARIABLE = YES;
				IPHONEOS_DEPLOYMENT_TARGET = 8.2;
				MTL_ENABLE_DEBUG_INFO = YES;
				ONLY_ACTIVE_ARCH = YES;
				SDKROOT = iphoneos;
				SWIFT_OPTIMIZATION_LEVEL = "-Onone";
				TARGETED_DEVICE_FAMILY = "1,2";
			};
			name = Debug;
		};
		96003DD01B9620DA0067DA67 /* Release */ = {
			isa = XCBuildConfiguration;
			buildSettings = {
				ALWAYS_SEARCH_USER_PATHS = NO;
				CLANG_CXX_LANGUAGE_STANDARD = "gnu++0x";
				CLANG_CXX_LIBRARY = "libc++";
				CLANG_ENABLE_MODULES = YES;
				CLANG_ENABLE_OBJC_ARC = YES;
				CLANG_WARN_BOOL_CONVERSION = YES;
				CLANG_WARN_CONSTANT_CONVERSION = YES;
				CLANG_WARN_DIRECT_OBJC_ISA_USAGE = YES_ERROR;
				CLANG_WARN_EMPTY_BODY = YES;
				CLANG_WARN_ENUM_CONVERSION = YES;
				CLANG_WARN_INT_CONVERSION = YES;
				CLANG_WARN_OBJC_ROOT_CLASS = YES_ERROR;
				CLANG_WARN_UNREACHABLE_CODE = YES;
				CLANG_WARN__DUPLICATE_METHOD_MATCH = YES;
				"CODE_SIGN_IDENTITY[sdk=iphoneos*]" = "iPhone Developer";
				COPY_PHASE_STRIP = NO;
				ENABLE_NS_ASSERTIONS = NO;
				ENABLE_STRICT_OBJC_MSGSEND = YES;
				GCC_C_LANGUAGE_STANDARD = gnu99;
				GCC_WARN_64_TO_32_BIT_CONVERSION = YES;
				GCC_WARN_ABOUT_RETURN_TYPE = YES_ERROR;
				GCC_WARN_UNDECLARED_SELECTOR = YES;
				GCC_WARN_UNINITIALIZED_AUTOS = YES_AGGRESSIVE;
				GCC_WARN_UNUSED_FUNCTION = YES;
				GCC_WARN_UNUSED_VARIABLE = YES;
				IPHONEOS_DEPLOYMENT_TARGET = 8.2;
				MTL_ENABLE_DEBUG_INFO = NO;
				SDKROOT = iphoneos;
				TARGETED_DEVICE_FAMILY = "1,2";
				VALIDATE_PRODUCT = YES;
			};
			name = Release;
		};
		96003DD21B9620DA0067DA67 /* Debug */ = {
			isa = XCBuildConfiguration;
			buildSettings = {
				ASSETCATALOG_COMPILER_APPICON_NAME = AppIcon;
				INFOPLIST_FILE = SlotMachine/Info.plist;
				LD_RUNPATH_SEARCH_PATHS = "$(inherited) @executable_path/Frameworks";
				PRODUCT_NAME = "$(TARGET_NAME)";
			};
			name = Debug;
		};
		96003DD31B9620DA0067DA67 /* Release */ = {
			isa = XCBuildConfiguration;
			buildSettings = {
				ASSETCATALOG_COMPILER_APPICON_NAME = AppIcon;
				INFOPLIST_FILE = SlotMachine/Info.plist;
				LD_RUNPATH_SEARCH_PATHS = "$(inherited) @executable_path/Frameworks";
				PRODUCT_NAME = "$(TARGET_NAME)";
			};
			name = Release;
		};
		96003DD51B9620DA0067DA67 /* Debug */ = {
			isa = XCBuildConfiguration;
			buildSettings = {
				BUNDLE_LOADER = "$(TEST_HOST)";
				FRAMEWORK_SEARCH_PATHS = (
					"$(SDKROOT)/Developer/Library/Frameworks",
					"$(inherited)",
				);
				GCC_PREPROCESSOR_DEFINITIONS = (
					"DEBUG=1",
					"$(inherited)",
				);
				INFOPLIST_FILE = SlotMachineTests/Info.plist;
				LD_RUNPATH_SEARCH_PATHS = "$(inherited) @executable_path/Frameworks @loader_path/Frameworks";
				PRODUCT_NAME = "$(TARGET_NAME)";
				TEST_HOST = "$(BUILT_PRODUCTS_DIR)/SlotMachine.app/SlotMachine";
			};
			name = Debug;
		};
		96003DD61B9620DA0067DA67 /* Release */ = {
			isa = XCBuildConfiguration;
			buildSettings = {
				BUNDLE_LOADER = "$(TEST_HOST)";
				FRAMEWORK_SEARCH_PATHS = (
					"$(SDKROOT)/Developer/Library/Frameworks",
					"$(inherited)",
				);
				INFOPLIST_FILE = SlotMachineTests/Info.plist;
				LD_RUNPATH_SEARCH_PATHS = "$(inherited) @executable_path/Frameworks @loader_path/Frameworks";
				PRODUCT_NAME = "$(TARGET_NAME)";
				TEST_HOST = "$(BUILT_PRODUCTS_DIR)/SlotMachine.app/SlotMachine";
			};
			name = Release;
		};
/* End XCBuildConfiguration section */

/* Begin XCConfigurationList section */
		96003DAD1B9620DA0067DA67 /* Build configuration list for PBXProject "SlotMachine" */ = {
			isa = XCConfigurationList;
			buildConfigurations = (
				96003DCF1B9620DA0067DA67 /* Debug */,
				96003DD01B9620DA0067DA67 /* Release */,
			);
			defaultConfigurationIsVisible = 0;
			defaultConfigurationName = Release;
		};
		96003DD11B9620DA0067DA67 /* Build configuration list for PBXNativeTarget "SlotMachine" */ = {
			isa = XCConfigurationList;
			buildConfigurations = (
				96003DD21B9620DA0067DA67 /* Debug */,
				96003DD31B9620DA0067DA67 /* Release */,
			);
			defaultConfigurationIsVisible = 0;
		};
		96003DD41B9620DA0067DA67 /* Build configuration list for PBXNativeTarget "SlotMachineTests" */ = {
			isa = XCConfigurationList;
			buildConfigurations = (
				96003DD51B9620DA0067DA67 /* Debug */,
				96003DD61B9620DA0067DA67 /* Release */,
			);
			defaultConfigurationIsVisible = 0;
		};
/* End XCConfigurationList section */
	};
	rootObject = 96003DAA1B9620DA0067DA67 /* Project object */;
}
